
Microsoft Visual Studio Solution File, Format Version 12.00
# Visual Studio Version 16
VisualStudioVersion = 16.0.32901.82
MinimumVisualStudioVersion = 10.0.40219.1
Project("{FAE04EC0-301F-11D3-BF4B-00C04F79EFBC}") = "Ticari_Web_MVC", "Ticari_Web_MVC\Ticari_Web_MVC.csproj", "{7964FDD0-AF7D-4C29-ADE3-134D8400B645}"
EndProject
Project("{FAE04EC0-301F-11D3-BF4B-00C04F79EFBC}") = "Entity_Layer", "Entity_Layer\Entity_Layer.csproj", "{BC6EF02D-A454-4ED1-87CC-A5395FFA3F30}"
EndProject
Project("{FAE04EC0-301F-11D3-BF4B-00C04F79EFBC}") = "Data_Access_Layer", "Data_Access_Layer\Data_Access_Layer.csproj", "{5ADEE924-A7A3-42FC-9B7F-17CAFE516F84}"
EndProject
Project("{FAE04EC0-301F-11D3-BF4B-00C04F79EFBC}") = "Businness_Layer", "Businness_Layer\Businness_Layer.csproj", "{442F3A1B-1C51-45EC-BD50-E0271671F74E}"
EndProject
Project("{FAE04EC0-301F-11D3-BF4B-00C04F79EFBC}") = "Api", "Api\Api.csproj", "{335768ED-4C53-4E1F-A010-A87959BE441D}"
EndProject
Global
	GlobalSection(SolutionConfigurationPlatforms) = preSolution
		Debug|Any CPU = Debug|Any CPU
		Release|Any CPU = Release|Any CPU
	EndGlobalSection
	GlobalSection(ProjectConfigurationPlatforms) = postSolution
		{7964FDD0-AF7D-4C29-ADE3-134D8400B645}.Debug|Any CPU.ActiveCfg = Debug|Any CPU
		{7964FDD0-AF7D-4C29-ADE3-134D8400B645}.Debug|Any CPU.Build.0 = Debug|Any CPU
		{7964FDD0-AF7D-4C29-ADE3-134D8400B645}.Release|Any CPU.ActiveCfg = Release|Any CPU
		{7964FDD0-AF7D-4C29-ADE3-134D8400B645}.Release|Any CPU.Build.0 = Release|Any CPU
		{BC6EF02D-A454-4ED1-87CC-A5395FFA3F30}.Debug|Any CPU.ActiveCfg = Debug|Any CPU
		{BC6EF02D-A454-4ED1-87CC-A5395FFA3F30}.Debug|Any CPU.Build.0 = Debug|Any CPU
		{BC6EF02D-A454-4ED1-87CC-A5395FFA3F30}.Release|Any CPU.ActiveCfg = Release|Any CPU
		{BC6EF02D-A454-4ED1-87CC-A5395FFA3F30}.Release|Any CPU.Build.0 = Release|Any CPU
		{5ADEE924-A7A3-42FC-9B7F-17CAFE516F84}.Debug|Any CPU.ActiveCfg = Debug|Any CPU
		{5ADEE924-A7A3-42FC-9B7F-17CAFE516F84}.Debug|Any CPU.Build.0 = Debug|Any CPU
		{5ADEE924-A7A3-42FC-9B7F-17CAFE516F84}.Release|Any CPU.ActiveCfg = Release|Any CPU
		{5ADEE924-A7A3-42FC-9B7F-17CAFE516F84}.Release|Any CPU.Build.0 = Release|Any CPU
		{442F3A1B-1C51-45EC-BD50-E0271671F74E}.Debug|Any CPU.ActiveCfg = Debug|Any CPU
		{442F3A1B-1C51-45EC-BD50-E0271671F74E}.Debug|Any CPU.Build.0 = Debug|Any CPU
		{442F3A1B-1C51-45EC-BD50-E0271671F74E}.Release|Any CPU.ActiveCfg = Release|Any CPU
		{442F3A1B-1C51-45EC-BD50-E0271671F74E}.Release|Any CPU.Build.0 = Release|Any CPU
		{335768ED-4C53-4E1F-A010-A87959BE441D}.Debug|Any CPU.ActiveCfg = Debug|Any CPU
		{335768ED-4C53-4E1F-A010-A87959BE441D}.Debug|Any CPU.Build.0 = Debug|Any CPU
		{335768ED-4C53-4E1F-A010-A87959BE441D}.Release|Any CPU.ActiveCfg = Release|Any CPU
		{335768ED-4C53-4E1F-A010-A87959BE441D}.Release|Any CPU.Build.0 = Release|Any CPU
	EndGlobalSection
	GlobalSection(SolutionProperties) = preSolution
		HideSolutionNode = FALSE
	EndGlobalSection
	GlobalSection(ExtensibilityGlobals) = postSolution
		SolutionGuid = {E060D0A2-91D7-4D05-BBA0-CAF638F742DE}
	EndGlobalSection
EndGlobal
